
Microsoft Visual Studio Solution File, Format Version 12.00
# Visual Studio Version 17
VisualStudioVersion = 17.9.34616.47
MinimumVisualStudioVersion = 10.0.40219.1
Project("{9A19103F-16F7-4668-BE54-9A1E7A4F7556}") = "Services", "Services\Services.csproj", "{F8262D28-173B-432F-A1F7-B52C574FF251}"
EndProject
Project("{9A19103F-16F7-4668-BE54-9A1E7A4F7556}") = "Console", "Console\Console.csproj", "{E597AD32-CDF3-48E7-B68B-E4E4247C2B8F}"
EndProject
Project("{9A19103F-16F7-4668-BE54-9A1E7A4F7556}") = "SystemTray", "SystemTray\SystemTray.csproj", "{D69E64D5-7E27-4FAF-831A-797A4B7B10C2}"
EndProject
Project("{2150E333-8FDC-42A3-9474-1A3956D46DE8}") = "Solution Items", "Solution Items", "{DBDAD807-0A09-4627-8610-AF17987F4EBC}"
	ProjectSection(SolutionItems) = preProject
		Directory.Build.props = Directory.Build.props
		Directory.Build.targets = Directory.Build.targets
	EndProjectSection
EndProject
Global
	GlobalSection(SolutionConfigurationPlatforms) = preSolution
		Debug|Any CPU = Debug|Any CPU
		Release|Any CPU = Release|Any CPU
	EndGlobalSection
	GlobalSection(ProjectConfigurationPlatforms) = postSolution
		{F8262D28-173B-432F-A1F7-B52C574FF251}.Debug|Any CPU.ActiveCfg = Debug|Any CPU
		{F8262D28-173B-432F-A1F7-B52C574FF251}.Debug|Any CPU.Build.0 = Debug|Any CPU
		{F8262D28-173B-432F-A1F7-B52C574FF251}.Release|Any CPU.ActiveCfg = Release|Any CPU
		{F8262D28-173B-432F-A1F7-B52C574FF251}.Release|Any CPU.Build.0 = Release|Any CPU
		{E597AD32-CDF3-48E7-B68B-E4E4247C2B8F}.Debug|Any CPU.ActiveCfg = Debug|Any CPU
		{E597AD32-CDF3-48E7-B68B-E4E4247C2B8F}.Debug|Any CPU.Build.0 = Debug|Any CPU
		{E597AD32-CDF3-48E7-B68B-E4E4247C2B8F}.Release|Any CPU.ActiveCfg = Release|Any CPU
		{E597AD32-CDF3-48E7-B68B-E4E4247C2B8F}.Release|Any CPU.Build.0 = Release|Any CPU
		{D69E64D5-7E27-4FAF-831A-797A4B7B10C2}.Debug|Any CPU.ActiveCfg = Debug|Any CPU
		{D69E64D5-7E27-4FAF-831A-797A4B7B10C2}.Debug|Any CPU.Build.0 = Debug|Any CPU
		{D69E64D5-7E27-4FAF-831A-797A4B7B10C2}.Release|Any CPU.ActiveCfg = Release|Any CPU
		{D69E64D5-7E27-4FAF-831A-797A4B7B10C2}.Release|Any CPU.Build.0 = Release|Any CPU
	EndGlobalSection
	GlobalSection(SolutionProperties) = preSolution
		HideSolutionNode = FALSE
	EndGlobalSection
	GlobalSection(ExtensibilityGlobals) = postSolution
		SolutionGuid = {A437A694-F111-46C9-90F3-0F4F7018E1F4}
	EndGlobalSection
EndGlobal
